// !$*UTF8*$!
{
	archiveVersion = 1;
	classes = {
	};
	objectVersion = 50;
	objects = {

/* Begin PBXBuildFile section */
		DF08C630237BB41100804D41 /* AppDelegate.swift in Sources */ = {isa = PBXBuildFile; fileRef = DF08C62F237BB41100804D41 /* AppDelegate.swift */; };
		DF08C632237BB41100804D41 /* SceneDelegate.swift in Sources */ = {isa = PBXBuildFile; fileRef = DF08C631237BB41100804D41 /* SceneDelegate.swift */; };
		DF08C634237BB41100804D41 /* ContentView.swift in Sources */ = {isa = PBXBuildFile; fileRef = DF08C633237BB41100804D41 /* ContentView.swift */; };
		DF08C636237BB41800804D41 /* Assets.xcassets in Resources */ = {isa = PBXBuildFile; fileRef = DF08C635237BB41800804D41 /* Assets.xcassets */; };
		DF08C639237BB41800804D41 /* Preview Assets.xcassets in Resources */ = {isa = PBXBuildFile; fileRef = DF08C638237BB41800804D41 /* Preview Assets.xcassets */; };
		DF08C63C237BB41800804D41 /* LaunchScreen.storyboard in Resources */ = {isa = PBXBuildFile; fileRef = DF08C63A237BB41800804D41 /* LaunchScreen.storyboard */; };
		DF08C644237BB54400804D41 /* MainController.swift in Sources */ = {isa = PBXBuildFile; fileRef = DF08C643237BB54400804D41 /* MainController.swift */; };
		DF08C646237C534B00804D41 /* level1.txt in Resources */ = {isa = PBXBuildFile; fileRef = DF08C645237C534B00804D41 /* level1.txt */; };
		DF08C648237C535600804D41 /* level2.txt in Resources */ = {isa = PBXBuildFile; fileRef = DF08C647237C535500804D41 /* level2.txt */; };
/* End PBXBuildFile section */

/* Begin PBXFileReference section */
		DF08C62C237BB41100804D41 /* HWS-Day38-Project8.app */ = {isa = PBXFileReference; explicitFileType = wrapper.application; includeInIndex = 0; path = "HWS-Day38-Project8.app"; sourceTree = BUILT_PRODUCTS_DIR; };
		DF08C62F237BB41100804D41 /* AppDelegate.swift */ = {isa = PBXFileReference; lastKnownFileType = sourcecode.swift; path = AppDelegate.swift; sourceTree = "<group>"; };
		DF08C631237BB41100804D41 /* SceneDelegate.swift */ = {isa = PBXFileReference; lastKnownFileType = sourcecode.swift; path = SceneDelegate.swift; sourceTree = "<group>"; };
		DF08C633237BB41100804D41 /* ContentView.swift */ = {isa = PBXFileReference; lastKnownFileType = sourcecode.swift; path = ContentView.swift; sourceTree = "<group>"; };
		DF08C635237BB41800804D41 /* Assets.xcassets */ = {isa = PBXFileReference; lastKnownFileType = folder.assetcatalog; path = Assets.xcassets; sourceTree = "<group>"; };
		DF08C638237BB41800804D41 /* Preview Assets.xcassets */ = {isa = PBXFileReference; lastKnownFileType = folder.assetcatalog; path = "Preview Assets.xcassets"; sourceTree = "<group>"; };
		DF08C63B237BB41800804D41 /* Base */ = {isa = PBXFileReference; lastKnownFileType = file.storyboard; name = Base; path = Base.lproj/LaunchScreen.storyboard; sourceTree = "<group>"; };
		DF08C63D237BB41800804D41 /* Info.plist */ = {isa = PBXFileReference; lastKnownFileType = text.plist.xml; path = Info.plist; sourceTree = "<group>"; };
		DF08C643237BB54400804D41 /* MainController.swift */ = {isa = PBXFileReference; lastKnownFileType = sourcecode.swift; path = MainController.swift; sourceTree = "<group>"; };
		DF08C645237C534B00804D41 /* level1.txt */ = {isa = PBXFileReference; fileEncoding = 4; lastKnownFileType = text; path = level1.txt; sourceTree = "<group>"; };
		DF08C647237C535500804D41 /* level2.txt */ = {isa = PBXFileReference; fileEncoding = 4; lastKnownFileType = text; path = level2.txt; sourceTree = "<group>"; };
/* End PBXFileReference section */

/* Begin PBXFrameworksBuildPhase section */
		DF08C629237BB41100804D41 /* Frameworks */ = {
			isa = PBXFrameworksBuildPhase;
			buildActionMask = 2147483647;
			files = (
			);
			runOnlyForDeploymentPostprocessing = 0;
		};
/* End PBXFrameworksBuildPhase section */

/* Begin PBXGroup section */
		DF08C623237BB41100804D41 = {
			isa = PBXGroup;
			children = (
				DF08C62E237BB41100804D41 /* HWS-Day38-Project8 */,
				DF08C62D237BB41100804D41 /* Products */,
			);
			sourceTree = "<group>";
		};
		DF08C62D237BB41100804D41 /* Products */ = {
			isa = PBXGroup;
			children = (
				DF08C62C237BB41100804D41 /* HWS-Day38-Project8.app */,
			);
			name = Products;
			sourceTree = "<group>";
		};
		DF08C62E237BB41100804D41 /* HWS-Day38-Project8 */ = {
			isa = PBXGroup;
			children = (
				DF08C62F237BB41100804D41 /* AppDelegate.swift */,
				DF08C631237BB41100804D41 /* SceneDelegate.swift */,
				DF08C633237BB41100804D41 /* ContentView.swift */,
				DF08C635237BB41800804D41 /* Assets.xcassets */,
				DF08C63A237BB41800804D41 /* LaunchScreen.storyboard */,
				DF08C643237BB54400804D41 /* MainController.swift */,
				DF08C645237C534B00804D41 /* level1.txt */,
				DF08C647237C535500804D41 /* level2.txt */,
				DF08C63D237BB41800804D41 /* Info.plist */,
				DF08C637237BB41800804D41 /* Preview Content */,
			);
			path = "HWS-Day38-Project8";
			sourceTree = "<group>";
		};
		DF08C637237BB41800804D41 /* Preview Content */ = {
			isa = PBXGroup;
			children = (
				DF08C638237BB41800804D41 /* Preview Assets.xcassets */,
			);
			path = "Preview Content";
			sourceTree = "<group>";
		};
/* End PBXGroup section */

/* Begin PBXNativeTarget section */
		DF08C62B237BB41100804D41 /* HWS-Day38-Project8 */ = {
			isa = PBXNativeTarget;
			buildConfigurationList = DF08C640237BB41800804D41 /* Build configuration list for PBXNativeTarget "HWS-Day38-Project8" */;
			buildPhases = (
				DF08C628237BB41100804D41 /* Sources */,
				DF08C629237BB41100804D41 /* Frameworks */,
				DF08C62A237BB41100804D41 /* Resources */,
			);
			buildRules = (
			);
			dependencies = (
			);
			name = "HWS-Day38-Project8";
			productName = "HWS-Day38-Project8";
			productReference = DF08C62C237BB41100804D41 /* HWS-Day38-Project8.app */;
			productType = "com.apple.product-type.application";
		};
/* End PBXNativeTarget section */

/* Begin PBXProject section */
		DF08C624237BB41100804D41 /* Project object */ = {
			isa = PBXProject;
			attributes = {
				LastSwiftUpdateCheck = 1100;
				LastUpgradeCheck = 1100;
				ORGANIZATIONNAME = "Lagom Exp";
				TargetAttributes = {
					DF08C62B237BB41100804D41 = {
						CreatedOnToolsVersion = 11.0;
					};
				};
			};
			buildConfigurationList = DF08C627237BB41100804D41 /* Build configuration list for PBXProject "HWS-Day38-Project8" */;
			compatibilityVersion = "Xcode 9.3";
			developmentRegion = en;
			hasScannedForEncodings = 0;
			knownRegions = (
				en,
				Base,
			);
			mainGroup = DF08C623237BB41100804D41;
			productRefGroup = DF08C62D237BB41100804D41 /* Products */;
			projectDirPath = "";
			projectRoot = "";
			targets = (
				DF08C62B237BB41100804D41 /* HWS-Day38-Project8 */,
			);
		};
/* End PBXProject section */

/* Begin PBXResourcesBuildPhase section */
		DF08C62A237BB41100804D41 /* Resources */ = {
			isa = PBXResourcesBuildPhase;
			buildActionMask = 2147483647;
			files = (
				DF08C648237C535600804D41 /* level2.txt in Resources */,
				DF08C63C237BB41800804D41 /* LaunchScreen.storyboard in Resources */,
				DF08C646237C534B00804D41 /* level1.txt in Resources */,
				DF08C639237BB41800804D41 /* Preview Assets.xcassets in Resources */,
				DF08C636237BB41800804D41 /* Assets.xcassets in Resources */,
			);
			runOnlyForDeploymentPostprocessing = 0;
		};
/* End PBXResourcesBuildPhase section */

/* Begin PBXSourcesBuildPhase section */
		DF08C628237BB41100804D41 /* Sources */ = {
			isa = PBXSourcesBuildPhase;
			buildActionMask = 2147483647;
			files = (
				DF08C644237BB54400804D41 /* MainController.swift in Sources */,
				DF08C630237BB41100804D41 /* AppDelegate.swift in Sources */,
				DF08C632237BB41100804D41 /* SceneDelegate.swift in Sources */,
				DF08C634237BB41100804D41 /* ContentView.swift in Sources */,
			);
			runOnlyForDeploymentPostprocessing = 0;
		};
/* End PBXSourcesBuildPhase section */

/* Begin PBXVariantGroup section */
		DF08C63A237BB41800804D41 /* LaunchScreen.storyboard */ = {
			isa = PBXVariantGroup;
			children = (
				DF08C63B237BB41800804D41 /* Base */,
			);
			name = LaunchScreen.storyboard;
			sourceTree = "<group>";
		};
/* End PBXVariantGroup section */

/* Begin XCBuildConfiguration section */
		DF08C63E237BB41800804D41 /* Debug */ = {
			isa = XCBuildConfiguration;
			buildSettings = {
				ALWAYS_SEARCH_USER_PATHS = NO;
				CLANG_ANALYZER_NONNULL = YES;
				CLANG_ANALYZER_NUMBER_OBJECT_CONVERSION = YES_AGGRESSIVE;
				CLANG_CXX_LANGUAGE_STANDARD = "gnu++14";
				CLANG_CXX_LIBRARY = "libc++";
				CLANG_ENABLE_MODULES = YES;
				CLANG_ENABLE_OBJC_ARC = YES;
				CLANG_ENABLE_OBJC_WEAK = YES;
				CLANG_WARN_BLOCK_CAPTURE_AUTORELEASING = YES;
				CLANG_WARN_BOOL_CONVERSION = YES;
				CLANG_WARN_COMMA = YES;
				CLANG_WARN_CONSTANT_CONVERSION = YES;
				CLANG_WARN_DEPRECATED_OBJC_IMPLEMENTATIONS = YES;
				CLANG_WARN_DIRECT_OBJC_ISA_USAGE = YES_ERROR;
				CLANG_WARN_DOCUMENTATION_COMMENTS = YES;
				CLANG_WARN_EMPTY_BODY = YES;
				CLANG_WARN_ENUM_CONVERSION = YES;
				CLANG_WARN_INFINITE_RECURSION = YES;
				CLANG_WARN_INT_CONVERSION = YES;
				CLANG_WARN_NON_LITERAL_NULL_CONVERSION = YES;
				CLANG_WARN_OBJC_IMPLICIT_RETAIN_SELF = YES;
				CLANG_WARN_OBJC_LITERAL_CONVERSION = YES;
				CLANG_WARN_OBJC_ROOT_CLASS = YES_ERROR;
				CLANG_WARN_RANGE_LOOP_ANALYSIS = YES;
				CLANG_WARN_STRICT_PROTOTYPES = YES;
				CLANG_WARN_SUSPICIOUS_MOVE = YES;
				CLANG_WARN_UNGUARDED_AVAILABILITY = YES_AGGRESSIVE;
				CLANG_WARN_UNREACHABLE_CODE = YES;
				CLANG_WARN__DUPLICATE_METHOD_MATCH = YES;
				COPY_PHASE_STRIP = NO;
				DEBUG_INFORMATION_FORMAT = dwarf;
				ENABLE_STRICT_OBJC_MSGSEND = YES;
				ENABLE_TESTABILITY = YES;
				GCC_C_LANGUAGE_STANDARD = gnu11;
				GCC_DYNAMIC_NO_PIC = NO;
				GCC_NO_COMMON_BLOCKS = YES;
				GCC_OPTIMIZATION_LEVEL = 0;
				GCC_PREPROCESSOR_DEFINITIONS = (
					"DEBUG=1",
					"$(inherited)",
				);
				GCC_WARN_64_TO_32_BIT_CONVERSION = YES;
				GCC_WARN_ABOUT_RETURN_TYPE = YES_ERROR;
				GCC_WARN_UNDECLARED_SELECTOR = YES;
				GCC_WARN_UNINITIALIZED_AUTOS = YES_AGGRESSIVE;
				GCC_WARN_UNUSED_FUNCTION = YES;
				GCC_WARN_UNUSED_VARIABLE = YES;
				IPHONEOS_DEPLOYMENT_TARGET = 13.0;
				MTL_ENABLE_DEBUG_INFO = INCLUDE_SOURCE;
				MTL_FAST_MATH = YES;
				ONLY_ACTIVE_ARCH = YES;
				SDKROOT = iphoneos;
				SWIFT_ACTIVE_COMPILATION_CONDITIONS = DEBUG;
				SWIFT_OPTIMIZATION_LEVEL = "-Onone";
			};
			name = Debug;
		};
		DF08C63F237BB41800804D41 /* Release */ = {
			isa = XCBuildConfiguration;
			buildSettings = {
				ALWAYS_SEARCH_USER_PATHS = NO;
				CLANG_ANALYZER_NONNULL = YES;
				CLANG_ANALYZER_NUMBER_OBJECT_CONVERSION = YES_AGGRESSIVE;
				CLANG_CXX_LANGUAGE_STANDARD = "gnu++14";
				CLANG_CXX_LIBRARY = "libc++";
				CLANG_ENABLE_MODULES = YES;
				CLANG_ENABLE_OBJC_ARC = YES;
				CLANG_ENABLE_OBJC_WEAK = YES;
				CLANG_WARN_BLOCK_CAPTURE_AUTORELEASING = YES;
				CLANG_WARN_BOOL_CONVERSION = YES;
				CLANG_WARN_COMMA = YES;
				CLANG_WARN_CONSTANT_CONVERSION = YES;
				CLANG_WARN_DEPRECATED_OBJC_IMPLEMENTATIONS = YES;
				CLANG_WARN_DIRECT_OBJC_ISA_USAGE = YES_ERROR;
				CLANG_WARN_DOCUMENTATION_COMMENTS = YES;
				CLANG_WARN_EMPTY_BODY = YES;
				CLANG_WARN_ENUM_CONVERSION = YES;
				CLANG_WARN_INFINITE_RECURSION = YES;
				CLANG_WARN_INT_CONVERSION = YES;
				CLANG_WARN_NON_LITERAL_NULL_CONVERSION = YES;
				CLANG_WARN_OBJC_IMPLICIT_RETAIN_SELF = YES;
				CLANG_WARN_OBJC_LITERAL_CONVERSION = YES;
				CLANG_WARN_OBJC_ROOT_CLASS = YES_ERROR;
				CLANG_WARN_RANGE_LOOP_ANALYSIS = YES;
				CLANG_WARN_STRICT_PROTOTYPES = YES;
				CLANG_WARN_SUSPICIOUS_MOVE = YES;
				CLANG_WARN_UNGUARDED_AVAILABILITY = YES_AGGRESSIVE;
				CLANG_WARN_UNREACHABLE_CODE = YES;
				CLANG_WARN__DUPLICATE_METHOD_MATCH = YES;
				COPY_PHASE_STRIP = NO;
				DEBUG_INFORMATION_FORMAT = "dwarf-with-dsym";
				ENABLE_NS_ASSERTIONS = NO;
				ENABLE_STRICT_OBJC_MSGSEND = YES;
				GCC_C_LANGUAGE_STANDARD = gnu11;
				GCC_NO_COMMON_BLOCKS = YES;
				GCC_WARN_64_TO_32_BIT_CONVERSION = YES;
				GCC_WARN_ABOUT_RETURN_TYPE = YES_ERROR;
				GCC_WARN_UNDECLARED_SELECTOR = YES;
				GCC_WARN_UNINITIALIZED_AUTOS = YES_AGGRESSIVE;
				GCC_WARN_UNUSED_FUNCTION = YES;
				GCC_WARN_UNUSED_VARIABLE = YES;
				IPHONEOS_DEPLOYMENT_TARGET = 13.0;
				MTL_ENABLE_DEBUG_INFO = NO;
				MTL_FAST_MATH = YES;
				SDKROOT = iphoneos;
				SWIFT_COMPILATION_MODE = wholemodule;
				SWIFT_OPTIMIZATION_LEVEL = "-O";
				VALIDATE_PRODUCT = YES;
			};
			name = Release;
		};
		DF08C641237BB41800804D41 /* Debug */ = {
			isa = XCBuildConfiguration;
			buildSettings = {
				ASSETCATALOG_COMPILER_APPICON_NAME = AppIcon;
				CODE_SIGN_STYLE = Automatic;
				DEVELOPMENT_ASSET_PATHS = "\"HWS-Day38-Project8/Preview Content\"";
				DEVELOPMENT_TEAM = 3552947V4D;
				ENABLE_PREVIEWS = YES;
				INFOPLIST_FILE = "HWS-Day38-Project8/Info.plist";
				LD_RUNPATH_SEARCH_PATHS = (
					"$(inherited)",
					"@executable_path/Frameworks",
				);
				PRODUCT_BUNDLE_IDENTIFIER = "com.lagom-exp.HWS-Day38-Project8";
				PRODUCT_NAME = "$(TARGET_NAME)";
				SWIFT_VERSION = 5.0;
				TARGETED_DEVICE_FAMILY = 2;
			};
			name = Debug;
		};
		DF08C642237BB41800804D41 /* Release */ = {
			isa = XCBuildConfiguration;
			buildSettings = {
				ASSETCATALOG_COMPILER_APPICON_NAME = AppIcon;
				CODE_SIGN_STYLE = Automatic;
				DEVELOPMENT_ASSET_PATHS = "\"HWS-Day38-Project8/Preview Content\"";
				DEVELOPMENT_TEAM = 3552947V4D;
				ENABLE_PREVIEWS = YES;
				INFOPLIST_FILE = "HWS-Day38-Project8/Info.plist";
				LD_RUNPATH_SEARCH_PATHS = (
					"$(inherited)",
					"@executable_path/Frameworks",
				);
				PRODUCT_BUNDLE_IDENTIFIER = "com.lagom-exp.HWS-Day38-Project8";
				PRODUCT_NAME = "$(TARGET_NAME)";
				SWIFT_VERSION = 5.0;
				TARGETED_DEVICE_FAMILY = 2;
			};
			name = Release;
		};
/* End XCBuildConfiguration section */

/* Begin XCConfigurationList section */
		DF08C627237BB41100804D41 /* Build configuration list for PBXProject "HWS-Day38-Project8" */ = {
			isa = XCConfigurationList;
			buildConfigurations = (
				DF08C63E237BB41800804D41 /* Debug */,
				DF08C63F237BB41800804D41 /* Release */,
			);
			defaultConfigurationIsVisible = 0;
			defaultConfigurationName = Release;
		};
		DF08C640237BB41800804D41 /* Build configuration list for PBXNativeTarget "HWS-Day38-Project8" */ = {
			isa = XCConfigurationList;
			buildConfigurations = (
				DF08C641237BB41800804D41 /* Debug */,
				DF08C642237BB41800804D41 /* Release */,
			);
			defaultConfigurationIsVisible = 0;
			defaultConfigurationName = Release;
		};
/* End XCConfigurationList section */
	};
	rootObject = DF08C624237BB41100804D41 /* Project object */;
}
